// !$*UTF8*$!
{
	archiveVersion = 1;
	classes = {
	};
	objectVersion = 54;
	objects = {

/* Begin PBXBuildFile section */
		07434A7E2002B2E0004AE1CC /* ListPresenter.swift in Sources */ = {isa = PBXBuildFile; fileRef = 07434A7D2002B2E0004AE1CC /* ListPresenter.swift */; };
		6E0163152011785F00E91421 /* List.swift in Sources */ = {isa = PBXBuildFile; fileRef = 6E0163142011785F00E91421 /* List.swift */; };
		6E016318201178E500E91421 /* PlayerMO+CoreDataClass.swift in Sources */ = {isa = PBXBuildFile; fileRef = 6E016316201178E500E91421 /* PlayerMO+CoreDataClass.swift */; };
		6E016319201178E500E91421 /* PlayerMO+CoreDataProperties.swift in Sources */ = {isa = PBXBuildFile; fileRef = 6E016317201178E500E91421 /* PlayerMO+CoreDataProperties.swift */; };
		6E01631B20117AAE00E91421 /* CoreDataIdentifier.swift in Sources */ = {isa = PBXBuildFile; fileRef = 6E01631A20117AAE00E91421 /* CoreDataIdentifier.swift */; };
		6E01631E20117B4E00E91421 /* ListMO+CoreDataClass.swift in Sources */ = {isa = PBXBuildFile; fileRef = 6E01631C20117B4E00E91421 /* ListMO+CoreDataClass.swift */; };
		6E01631F20117B4E00E91421 /* ListMO+CoreDataProperties.swift in Sources */ = {isa = PBXBuildFile; fileRef = 6E01631D20117B4E00E91421 /* ListMO+CoreDataProperties.swift */; };
		6E0163262011802100E91421 /* PlayerMOExtension.swift in Sources */ = {isa = PBXBuildFile; fileRef = 6E0163252011802100E91421 /* PlayerMOExtension.swift */; };
		6E016328201190E700E91421 /* ListMOExtension.swift in Sources */ = {isa = PBXBuildFile; fileRef = 6E016327201190E700E91421 /* ListMOExtension.swift */; };
		6E2618AD1FF5C9BD00F3AF93 /* DatabaseProtocol.swift in Sources */ = {isa = PBXBuildFile; fileRef = 6E2618AC1FF5C9BD00F3AF93 /* DatabaseProtocol.swift */; };
		6E2618AF1FF5D2B200F3AF93 /* BaseService.swift in Sources */ = {isa = PBXBuildFile; fileRef = 6E2618AE1FF5D2B200F3AF93 /* BaseService.swift */; };
		6E8F889E1FF701D900F7AB49 /* NSManagedObjectContextExtension.swift in Sources */ = {isa = PBXBuildFile; fileRef = 6E8F889D1FF701D900F7AB49 /* NSManagedObjectContextExtension.swift */; };
		96002FD11FE860E300F8DF1F /* GamePresenter.swift in Sources */ = {isa = PBXBuildFile; fileRef = 96002FD01FE860E300F8DF1F /* GamePresenter.swift */; };
		960A297520002BB100D23981 /* ListViewController.swift in Sources */ = {isa = PBXBuildFile; fileRef = 960A297420002BB100D23981 /* ListViewController.swift */; };
		960A297720002C5B00D23981 /* Segues.swift in Sources */ = {isa = PBXBuildFile; fileRef = 960A297620002C5B00D23981 /* Segues.swift */; };
		960A2979200034DD00D23981 /* DetailListPlayersService.swift in Sources */ = {isa = PBXBuildFile; fileRef = 960A2978200034DD00D23981 /* DetailListPlayersService.swift */; };
		960A297B2000388500D23981 /* DetailListPlayersServiceTest.swift in Sources */ = {isa = PBXBuildFile; fileRef = 960A297A2000388500D23981 /* DetailListPlayersServiceTest.swift */; };
		96173D81200523E1008742AA /* BaseTest.swift in Sources */ = {isa = PBXBuildFile; fileRef = 96173D80200523E1008742AA /* BaseTest.swift */; };
		96173D832005597A008742AA /* NSSetExtension.swift in Sources */ = {isa = PBXBuildFile; fileRef = 96173D822005597A008742AA /* NSSetExtension.swift */; };
		96173D8620056369008742AA /* GamePresenterTest.swift in Sources */ = {isa = PBXBuildFile; fileRef = 96173D8520056369008742AA /* GamePresenterTest.swift */; };
		96173D8820056537008742AA /* MockGameView.swift in Sources */ = {isa = PBXBuildFile; fileRef = 96173D8720056537008742AA /* MockGameView.swift */; };
		96173D8A2005669C008742AA /* MockPlayerService.swift in Sources */ = {isa = PBXBuildFile; fileRef = 96173D892005669C008742AA /* MockPlayerService.swift */; };
		9620D7B41FE94F29008E0F55 /* PlayerService.swift in Sources */ = {isa = PBXBuildFile; fileRef = 9620D7B31FE94F29008E0F55 /* PlayerService.swift */; };
		9620D7B61FE95134008E0F55 /* CoreDataConnection.swift in Sources */ = {isa = PBXBuildFile; fileRef = 9620D7B51FE95134008E0F55 /* CoreDataConnection.swift */; };
		9620D7C01FE99267008E0F55 /* Enums.swift in Sources */ = {isa = PBXBuildFile; fileRef = 9620D7BF1FE99267008E0F55 /* Enums.swift */; };
		9620D7C51FE995D0008E0F55 /* PlayerTableViewCell.swift in Sources */ = {isa = PBXBuildFile; fileRef = 9620D7C31FE995D0008E0F55 /* PlayerTableViewCell.swift */; };
		9620D7C61FE995D0008E0F55 /* PlayerTableViewCell.xib in Resources */ = {isa = PBXBuildFile; fileRef = 9620D7C41FE995D0008E0F55 /* PlayerTableViewCell.xib */; };
		9630A8921FFEA29B000C96CA /* GameManager.swift in Sources */ = {isa = PBXBuildFile; fileRef = 9630A8911FFEA29B000C96CA /* GameManager.swift */; };
		963BA3E11FF58F4200090DDE /* ListService.swift in Sources */ = {isa = PBXBuildFile; fileRef = 963BA3E01FF58F4200090DDE /* ListService.swift */; };
		963BA3E31FF596A600090DDE /* PlayerServiceTest.swift in Sources */ = {isa = PBXBuildFile; fileRef = 963BA3E21FF596A600090DDE /* PlayerServiceTest.swift */; };
		963BA3E51FF596BC00090DDE /* ListServiceTest.swift in Sources */ = {isa = PBXBuildFile; fileRef = 963BA3E41FF596BC00090DDE /* ListServiceTest.swift */; };
		963BA3E81FF59C3600090DDE /* MockData.swift in Sources */ = {isa = PBXBuildFile; fileRef = 963BA3E71FF59C3600090DDE /* MockData.swift */; };
		96591C671FE85B660067BB2E /* AppDelegate.swift in Sources */ = {isa = PBXBuildFile; fileRef = 96591C661FE85B660067BB2E /* AppDelegate.swift */; };
		96591C691FE85B660067BB2E /* GameViewController.swift in Sources */ = {isa = PBXBuildFile; fileRef = 96591C681FE85B660067BB2E /* GameViewController.swift */; };
		96591C6C1FE85B660067BB2E /* Main.storyboard in Resources */ = {isa = PBXBuildFile; fileRef = 96591C6A1FE85B660067BB2E /* Main.storyboard */; };
		96591C6F1FE85B660067BB2E /* MAFIA.xcdatamodeld in Sources */ = {isa = PBXBuildFile; fileRef = 96591C6D1FE85B660067BB2E /* MAFIA.xcdatamodeld */; };
		96591C711FE85B660067BB2E /* Assets.xcassets in Resources */ = {isa = PBXBuildFile; fileRef = 96591C701FE85B660067BB2E /* Assets.xcassets */; };
		96591C741FE85B660067BB2E /* LaunchScreen.storyboard in Resources */ = {isa = PBXBuildFile; fileRef = 96591C721FE85B660067BB2E /* LaunchScreen.storyboard */; };
		96591C7F1FE85B660067BB2E /* MAFIATests.swift in Sources */ = {isa = PBXBuildFile; fileRef = 96591C7E1FE85B660067BB2E /* MAFIATests.swift */; };
		96591C8A1FE85B660067BB2E /* MAFIAUITests.swift in Sources */ = {isa = PBXBuildFile; fileRef = 96591C891FE85B660067BB2E /* MAFIAUITests.swift */; };
		965F34F91FE9CE8C00752CD9 /* MutableCollectionExtension.swift in Sources */ = {isa = PBXBuildFile; fileRef = 965F34F81FE9CE8C00752CD9 /* MutableCollectionExtension.swift */; };
		966546872010F9FA008D0A8B /* BaseView.swift in Sources */ = {isa = PBXBuildFile; fileRef = 966546862010F9FA008D0A8B /* BaseView.swift */; };
		96775C882011403A0092658D /* Player.swift in Sources */ = {isa = PBXBuildFile; fileRef = 96775C872011403A0092658D /* Player.swift */; };
		967F417020098EEB006D04CB /* ArrayExtension.swift in Sources */ = {isa = PBXBuildFile; fileRef = 967F416F20098EEB006D04CB /* ArrayExtension.swift */; };
		9688E1A620728C2600853071 /* PlayerDetailsTableViewCell.swift in Sources */ = {isa = PBXBuildFile; fileRef = 9688E1A420728C2600853071 /* PlayerDetailsTableViewCell.swift */; };
		9688E1A720728C2600853071 /* PlayerDetailsTableViewCell.xib in Resources */ = {isa = PBXBuildFile; fileRef = 9688E1A520728C2600853071 /* PlayerDetailsTableViewCell.xib */; };
		9688E1A92072B44700853071 /* UIColorExtension.swift in Sources */ = {isa = PBXBuildFile; fileRef = 9688E1A82072B44700853071 /* UIColorExtension.swift */; };
		9688E1AD2072C7F100853071 /* UIViewExtension.swift in Sources */ = {isa = PBXBuildFile; fileRef = 9688E1AC2072C7F100853071 /* UIViewExtension.swift */; };
		9688E1AF2073D04000853071 /* UIFontExtension.swift in Sources */ = {isa = PBXBuildFile; fileRef = 9688E1AE2073D04000853071 /* UIFontExtension.swift */; };
		9688E1B1207403BB00853071 /* ListBrowserPresenterTest.swift in Sources */ = {isa = PBXBuildFile; fileRef = 9688E1B0207403BB00853071 /* ListBrowserPresenterTest.swift */; };
		9688E1B3207522EB00853071 /* MockListPlayersView.swift in Sources */ = {isa = PBXBuildFile; fileRef = 9688E1B2207522EB00853071 /* MockListPlayersView.swift */; };
		9688E1B52075311900853071 /* MockListService.swift in Sources */ = {isa = PBXBuildFile; fileRef = 9688E1B42075311900853071 /* MockListService.swift */; };
		9688E1BB2075334600853071 /* BasePresenterTest.swift in Sources */ = {isa = PBXBuildFile; fileRef = 9688E1BA2075334600853071 /* BasePresenterTest.swift */; };
		96B3C3171FF40BB100363A3F /* MenuViewController.swift in Sources */ = {isa = PBXBuildFile; fileRef = 96B3C3161FF40BB100363A3F /* MenuViewController.swift */; };
		96BEA68C1FF42F6000231518 /* MenuPresenter.swift in Sources */ = {isa = PBXBuildFile; fileRef = 96BEA68B1FF42F6000231518 /* MenuPresenter.swift */; };
		96E47F29208900E900A53F58 /* ListBrowserViewController.swift in Sources */ = {isa = PBXBuildFile; fileRef = 96E47F28208900E900A53F58 /* ListBrowserViewController.swift */; };
		96E47F2C208A359D00A53F58 /* PushMenuTransition.swift in Sources */ = {isa = PBXBuildFile; fileRef = 96E47F2B208A359D00A53F58 /* PushMenuTransition.swift */; };
		96F9DE7F1FED60A900C32C30 /* MenuTableViewCell.swift in Sources */ = {isa = PBXBuildFile; fileRef = 96F9DE7D1FED60A900C32C30 /* MenuTableViewCell.swift */; };
		96F9DE801FED60A900C32C30 /* MenuTableViewCell.xib in Resources */ = {isa = PBXBuildFile; fileRef = 96F9DE7E1FED60A900C32C30 /* MenuTableViewCell.xib */; };
		97CE9FCE1FEB05A700A8A55E /* Utils.swift in Sources */ = {isa = PBXBuildFile; fileRef = 97CE9FCD1FEB05A700A8A55E /* Utils.swift */; };
		97CE9FD01FEB08AE00A8A55E /* GameRules.swift in Sources */ = {isa = PBXBuildFile; fileRef = 97CE9FCF1FEB08AE00A8A55E /* GameRules.swift */; };
		97CE9FD31FEB14C900A8A55E /* StringExtension.swift in Sources */ = {isa = PBXBuildFile; fileRef = 97CE9FD21FEB14C900A8A55E /* StringExtension.swift */; };
		97CE9FD71FEB15CF00A8A55E /* Default.strings in Resources */ = {isa = PBXBuildFile; fileRef = 97CE9FD91FEB15CF00A8A55E /* Default.strings */; };
		A546B4182010CDC000F3CB89 /* UIViewControllerExtension.swift in Sources */ = {isa = PBXBuildFile; fileRef = A546B4172010CDC000F3CB89 /* UIViewControllerExtension.swift */; };
		AD1C6D5909604EEF3DA38444 /* Pods_MAFIA.framework in Frameworks */ = {isa = PBXBuildFile; fileRef = 9CFE82394293015048A278BB /* Pods_MAFIA.framework */; };
		CF20DF962041F7720045D941 /* EmptyListView.swift in Sources */ = {isa = PBXBuildFile; fileRef = CF20DF952041F7720045D941 /* EmptyListView.swift */; };
		CF20DF982041F78A0045D941 /* EmptyListView.xib in Resources */ = {isa = PBXBuildFile; fileRef = CF20DF972041F78A0045D941 /* EmptyListView.xib */; };
		CF5A520A200926D600BC7890 /* ListBrowserTableViewCell.swift in Sources */ = {isa = PBXBuildFile; fileRef = CF5A5208200926D600BC7890 /* ListBrowserTableViewCell.swift */; };
		CF5A520B200926D600BC7890 /* ListBrowserTableViewCell.xib in Resources */ = {isa = PBXBuildFile; fileRef = CF5A5209200926D600BC7890 /* ListBrowserTableViewCell.xib */; };
		CFB15BD1200D985E00B02AFB /* PlayerDetailViewController.swift in Sources */ = {isa = PBXBuildFile; fileRef = CFB15BD0200D985E00B02AFB /* PlayerDetailViewController.swift */; };
		CFE3DA8A1FF71B43004D9D0F /* ListBrowserPresenter.swift in Sources */ = {isa = PBXBuildFile; fileRef = CFE3DA891FF71B43004D9D0F /* ListBrowserPresenter.swift */; };
/* End PBXBuildFile section */

/* Begin PBXContainerItemProxy section */
		96591C7B1FE85B660067BB2E /* PBXContainerItemProxy */ = {
			isa = PBXContainerItemProxy;
			containerPortal = 96591C5B1FE85B660067BB2E /* Project object */;
			proxyType = 1;
			remoteGlobalIDString = 96591C621FE85B660067BB2E;
			remoteInfo = MAFIA;
		};
		96591C861FE85B660067BB2E /* PBXContainerItemProxy */ = {
			isa = PBXContainerItemProxy;
			containerPortal = 96591C5B1FE85B660067BB2E /* Project object */;
			proxyType = 1;
			remoteGlobalIDString = 96591C621FE85B660067BB2E;
			remoteInfo = MAFIA;
		};
/* End PBXContainerItemProxy section */

/* Begin PBXFileReference section */
		07434A7D2002B2E0004AE1CC /* ListPresenter.swift */ = {isa = PBXFileReference; lastKnownFileType = sourcecode.swift; path = ListPresenter.swift; sourceTree = "<group>"; };
		307593A3C5E5C930B25F1631 /* Pods-MAFIA.debug.xcconfig */ = {isa = PBXFileReference; includeInIndex = 1; lastKnownFileType = text.xcconfig; name = "Pods-MAFIA.debug.xcconfig"; path = "Pods/Target Support Files/Pods-MAFIA/Pods-MAFIA.debug.xcconfig"; sourceTree = "<group>"; };
		3352B843D1F40BA1BDA85695 /* Pods-MAFIA.release.xcconfig */ = {isa = PBXFileReference; includeInIndex = 1; lastKnownFileType = text.xcconfig; name = "Pods-MAFIA.release.xcconfig"; path = "Pods/Target Support Files/Pods-MAFIA/Pods-MAFIA.release.xcconfig"; sourceTree = "<group>"; };
		6E0163142011785F00E91421 /* List.swift */ = {isa = PBXFileReference; lastKnownFileType = sourcecode.swift; path = List.swift; sourceTree = "<group>"; };
		6E016316201178E500E91421 /* PlayerMO+CoreDataClass.swift */ = {isa = PBXFileReference; lastKnownFileType = sourcecode.swift; path = "PlayerMO+CoreDataClass.swift"; sourceTree = "<group>"; };
		6E016317201178E500E91421 /* PlayerMO+CoreDataProperties.swift */ = {isa = PBXFileReference; lastKnownFileType = sourcecode.swift; path = "PlayerMO+CoreDataProperties.swift"; sourceTree = "<group>"; };
		6E01631A20117AAE00E91421 /* CoreDataIdentifier.swift */ = {isa = PBXFileReference; lastKnownFileType = sourcecode.swift; path = CoreDataIdentifier.swift; sourceTree = "<group>"; };
		6E01631C20117B4E00E91421 /* ListMO+CoreDataClass.swift */ = {isa = PBXFileReference; lastKnownFileType = sourcecode.swift; path = "ListMO+CoreDataClass.swift"; sourceTree = "<group>"; };
		6E01631D20117B4E00E91421 /* ListMO+CoreDataProperties.swift */ = {isa = PBXFileReference; lastKnownFileType = sourcecode.swift; path = "ListMO+CoreDataProperties.swift"; sourceTree = "<group>"; };
		6E0163252011802100E91421 /* PlayerMOExtension.swift */ = {isa = PBXFileReference; lastKnownFileType = sourcecode.swift; path = PlayerMOExtension.swift; sourceTree = "<group>"; };
		6E016327201190E700E91421 /* ListMOExtension.swift */ = {isa = PBXFileReference; lastKnownFileType = sourcecode.swift; path = ListMOExtension.swift; sourceTree = "<group>"; };
		6E2618AC1FF5C9BD00F3AF93 /* DatabaseProtocol.swift */ = {isa = PBXFileReference; lastKnownFileType = sourcecode.swift; path = DatabaseProtocol.swift; sourceTree = "<group>"; };
		6E2618AE1FF5D2B200F3AF93 /* BaseService.swift */ = {isa = PBXFileReference; lastKnownFileType = sourcecode.swift; path = BaseService.swift; sourceTree = "<group>"; };
		6E8F889D1FF701D900F7AB49 /* NSManagedObjectContextExtension.swift */ = {isa = PBXFileReference; lastKnownFileType = sourcecode.swift; path = NSManagedObjectContextExtension.swift; sourceTree = "<group>"; };
		96002FD01FE860E300F8DF1F /* GamePresenter.swift */ = {isa = PBXFileReference; lastKnownFileType = sourcecode.swift; path = GamePresenter.swift; sourceTree = "<group>"; };
		960A297420002BB100D23981 /* ListViewController.swift */ = {isa = PBXFileReference; lastKnownFileType = sourcecode.swift; path = ListViewController.swift; sourceTree = "<group>"; };
		960A297620002C5B00D23981 /* Segues.swift */ = {isa = PBXFileReference; lastKnownFileType = sourcecode.swift; path = Segues.swift; sourceTree = "<group>"; };
		960A2978200034DD00D23981 /* DetailListPlayersService.swift */ = {isa = PBXFileReference; lastKnownFileType = sourcecode.swift; path = DetailListPlayersService.swift; sourceTree = "<group>"; };
		960A297A2000388500D23981 /* DetailListPlayersServiceTest.swift */ = {isa = PBXFileReference; lastKnownFileType = sourcecode.swift; path = DetailListPlayersServiceTest.swift; sourceTree = "<group>"; };
		96173D80200523E1008742AA /* BaseTest.swift */ = {isa = PBXFileReference; lastKnownFileType = sourcecode.swift; path = BaseTest.swift; sourceTree = "<group>"; };
		96173D822005597A008742AA /* NSSetExtension.swift */ = {isa = PBXFileReference; lastKnownFileType = sourcecode.swift; path = NSSetExtension.swift; sourceTree = "<group>"; };
		96173D8520056369008742AA /* GamePresenterTest.swift */ = {isa = PBXFileReference; lastKnownFileType = sourcecode.swift; path = GamePresenterTest.swift; sourceTree = "<group>"; };
		96173D8720056537008742AA /* MockGameView.swift */ = {isa = PBXFileReference; lastKnownFileType = sourcecode.swift; path = MockGameView.swift; sourceTree = "<group>"; };
		96173D892005669C008742AA /* MockPlayerService.swift */ = {isa = PBXFileReference; lastKnownFileType = sourcecode.swift; path = MockPlayerService.swift; sourceTree = "<group>"; };
		9620D7B31FE94F29008E0F55 /* PlayerService.swift */ = {isa = PBXFileReference; lastKnownFileType = sourcecode.swift; path = PlayerService.swift; sourceTree = "<group>"; };
		9620D7B51FE95134008E0F55 /* CoreDataConnection.swift */ = {isa = PBXFileReference; lastKnownFileType = sourcecode.swift; path = CoreDataConnection.swift; sourceTree = "<group>"; };
		9620D7BF1FE99267008E0F55 /* Enums.swift */ = {isa = PBXFileReference; lastKnownFileType = sourcecode.swift; path = Enums.swift; sourceTree = "<group>"; };
		9620D7C31FE995D0008E0F55 /* PlayerTableViewCell.swift */ = {isa = PBXFileReference; lastKnownFileType = sourcecode.swift; path = PlayerTableViewCell.swift; sourceTree = "<group>"; };
		9620D7C41FE995D0008E0F55 /* PlayerTableViewCell.xib */ = {isa = PBXFileReference; lastKnownFileType = file.xib; path = PlayerTableViewCell.xib; sourceTree = "<group>"; };
		9630A8911FFEA29B000C96CA /* GameManager.swift */ = {isa = PBXFileReference; lastKnownFileType = sourcecode.swift; path = GameManager.swift; sourceTree = "<group>"; };
		963BA3E01FF58F4200090DDE /* ListService.swift */ = {isa = PBXFileReference; lastKnownFileType = sourcecode.swift; path = ListService.swift; sourceTree = "<group>"; };
		963BA3E21FF596A600090DDE /* PlayerServiceTest.swift */ = {isa = PBXFileReference; lastKnownFileType = sourcecode.swift; path = PlayerServiceTest.swift; sourceTree = "<group>"; };
		963BA3E41FF596BC00090DDE /* ListServiceTest.swift */ = {isa = PBXFileReference; lastKnownFileType = sourcecode.swift; path = ListServiceTest.swift; sourceTree = "<group>"; };
		963BA3E71FF59C3600090DDE /* MockData.swift */ = {isa = PBXFileReference; lastKnownFileType = sourcecode.swift; path = MockData.swift; sourceTree = "<group>"; };
		96591C631FE85B660067BB2E /* MAFIA.app */ = {isa = PBXFileReference; explicitFileType = wrapper.application; includeInIndex = 0; path = MAFIA.app; sourceTree = BUILT_PRODUCTS_DIR; };
		96591C661FE85B660067BB2E /* AppDelegate.swift */ = {isa = PBXFileReference; lastKnownFileType = sourcecode.swift; path = AppDelegate.swift; sourceTree = "<group>"; };
		96591C681FE85B660067BB2E /* GameViewController.swift */ = {isa = PBXFileReference; lastKnownFileType = sourcecode.swift; path = GameViewController.swift; sourceTree = "<group>"; };
		96591C6B1FE85B660067BB2E /* Base */ = {isa = PBXFileReference; lastKnownFileType = file.storyboard; name = Base; path = Base.lproj/Main.storyboard; sourceTree = "<group>"; };
		96591C6E1FE85B660067BB2E /* MAFIA.xcdatamodel */ = {isa = PBXFileReference; lastKnownFileType = wrapper.xcdatamodel; path = MAFIA.xcdatamodel; sourceTree = "<group>"; };
		96591C701FE85B660067BB2E /* Assets.xcassets */ = {isa = PBXFileReference; lastKnownFileType = folder.assetcatalog; path = Assets.xcassets; sourceTree = "<group>"; };
		96591C731FE85B660067BB2E /* Base */ = {isa = PBXFileReference; lastKnownFileType = file.storyboard; name = Base; path = Base.lproj/LaunchScreen.storyboard; sourceTree = "<group>"; };
		96591C751FE85B660067BB2E /* Info.plist */ = {isa = PBXFileReference; lastKnownFileType = text.plist.xml; path = Info.plist; sourceTree = "<group>"; };
		96591C7A1FE85B660067BB2E /* MAFIATests.xctest */ = {isa = PBXFileReference; explicitFileType = wrapper.cfbundle; includeInIndex = 0; path = MAFIATests.xctest; sourceTree = BUILT_PRODUCTS_DIR; };
		96591C7E1FE85B660067BB2E /* MAFIATests.swift */ = {isa = PBXFileReference; lastKnownFileType = sourcecode.swift; path = MAFIATests.swift; sourceTree = "<group>"; };
		96591C801FE85B660067BB2E /* Info.plist */ = {isa = PBXFileReference; lastKnownFileType = text.plist.xml; path = Info.plist; sourceTree = "<group>"; };
		96591C851FE85B660067BB2E /* MAFIAUITests.xctest */ = {isa = PBXFileReference; explicitFileType = wrapper.cfbundle; includeInIndex = 0; path = MAFIAUITests.xctest; sourceTree = BUILT_PRODUCTS_DIR; };
		96591C891FE85B660067BB2E /* MAFIAUITests.swift */ = {isa = PBXFileReference; lastKnownFileType = sourcecode.swift; path = MAFIAUITests.swift; sourceTree = "<group>"; };
		96591C8B1FE85B660067BB2E /* Info.plist */ = {isa = PBXFileReference; lastKnownFileType = text.plist.xml; path = Info.plist; sourceTree = "<group>"; };
		965F34F81FE9CE8C00752CD9 /* MutableCollectionExtension.swift */ = {isa = PBXFileReference; lastKnownFileType = sourcecode.swift; path = MutableCollectionExtension.swift; sourceTree = "<group>"; };
		966546862010F9FA008D0A8B /* BaseView.swift */ = {isa = PBXFileReference; lastKnownFileType = sourcecode.swift; path = BaseView.swift; sourceTree = "<group>"; };
		96775C872011403A0092658D /* Player.swift */ = {isa = PBXFileReference; lastKnownFileType = sourcecode.swift; path = Player.swift; sourceTree = "<group>"; };
		967F416F20098EEB006D04CB /* ArrayExtension.swift */ = {isa = PBXFileReference; lastKnownFileType = sourcecode.swift; path = ArrayExtension.swift; sourceTree = "<group>"; };
		9688E1A420728C2600853071 /* PlayerDetailsTableViewCell.swift */ = {isa = PBXFileReference; lastKnownFileType = sourcecode.swift; path = PlayerDetailsTableViewCell.swift; sourceTree = "<group>"; };
		9688E1A520728C2600853071 /* PlayerDetailsTableViewCell.xib */ = {isa = PBXFileReference; lastKnownFileType = file.xib; path = PlayerDetailsTableViewCell.xib; sourceTree = "<group>"; };
		9688E1A82072B44700853071 /* UIColorExtension.swift */ = {isa = PBXFileReference; lastKnownFileType = sourcecode.swift; path = UIColorExtension.swift; sourceTree = "<group>"; };
		9688E1AC2072C7F100853071 /* UIViewExtension.swift */ = {isa = PBXFileReference; lastKnownFileType = sourcecode.swift; path = UIViewExtension.swift; sourceTree = "<group>"; };
		9688E1AE2073D04000853071 /* UIFontExtension.swift */ = {isa = PBXFileReference; lastKnownFileType = sourcecode.swift; path = UIFontExtension.swift; sourceTree = "<group>"; };
		9688E1B0207403BB00853071 /* ListBrowserPresenterTest.swift */ = {isa = PBXFileReference; lastKnownFileType = sourcecode.swift; path = ListBrowserPresenterTest.swift; sourceTree = "<group>"; };
		9688E1B2207522EB00853071 /* MockListPlayersView.swift */ = {isa = PBXFileReference; lastKnownFileType = sourcecode.swift; path = MockListPlayersView.swift; sourceTree = "<group>"; };
		9688E1B42075311900853071 /* MockListService.swift */ = {isa = PBXFileReference; lastKnownFileType = sourcecode.swift; path = MockListService.swift; sourceTree = "<group>"; };
		9688E1BA2075334600853071 /* BasePresenterTest.swift */ = {isa = PBXFileReference; lastKnownFileType = sourcecode.swift; path = BasePresenterTest.swift; sourceTree = "<group>"; };
		96B3C3161FF40BB100363A3F /* MenuViewController.swift */ = {isa = PBXFileReference; lastKnownFileType = sourcecode.swift; path = MenuViewController.swift; sourceTree = "<group>"; };
		96BEA68B1FF42F6000231518 /* MenuPresenter.swift */ = {isa = PBXFileReference; lastKnownFileType = sourcecode.swift; path = MenuPresenter.swift; sourceTree = "<group>"; };
		96D74D082D14D16B00112079 /* en */ = {isa = PBXFileReference; lastKnownFileType = text.plist.strings; name = en; path = en.lproj/Default.strings; sourceTree = "<group>"; };
		96E47F28208900E900A53F58 /* ListBrowserViewController.swift */ = {isa = PBXFileReference; fileEncoding = 4; lastKnownFileType = sourcecode.swift; path = ListBrowserViewController.swift; sourceTree = "<group>"; };
		96E47F2B208A359D00A53F58 /* PushMenuTransition.swift */ = {isa = PBXFileReference; lastKnownFileType = sourcecode.swift; path = PushMenuTransition.swift; sourceTree = "<group>"; };
		96F9DE7D1FED60A900C32C30 /* MenuTableViewCell.swift */ = {isa = PBXFileReference; lastKnownFileType = sourcecode.swift; path = MenuTableViewCell.swift; sourceTree = "<group>"; };
		96F9DE7E1FED60A900C32C30 /* MenuTableViewCell.xib */ = {isa = PBXFileReference; lastKnownFileType = file.xib; path = MenuTableViewCell.xib; sourceTree = "<group>"; };
		97CE9FCD1FEB05A700A8A55E /* Utils.swift */ = {isa = PBXFileReference; fileEncoding = 4; lastKnownFileType = sourcecode.swift; path = Utils.swift; sourceTree = "<group>"; };
		97CE9FCF1FEB08AE00A8A55E /* GameRules.swift */ = {isa = PBXFileReference; lastKnownFileType = sourcecode.swift; path = GameRules.swift; sourceTree = "<group>"; };
		97CE9FD21FEB14C900A8A55E /* StringExtension.swift */ = {isa = PBXFileReference; lastKnownFileType = sourcecode.swift; path = StringExtension.swift; sourceTree = "<group>"; };
		9CFE82394293015048A278BB /* Pods_MAFIA.framework */ = {isa = PBXFileReference; explicitFileType = wrapper.framework; includeInIndex = 0; path = Pods_MAFIA.framework; sourceTree = BUILT_PRODUCTS_DIR; };
		A546B4172010CDC000F3CB89 /* UIViewControllerExtension.swift */ = {isa = PBXFileReference; lastKnownFileType = sourcecode.swift; path = UIViewControllerExtension.swift; sourceTree = "<group>"; };
		A546B41C20110D4500F3CB89 /* es-419 */ = {isa = PBXFileReference; lastKnownFileType = text.plist.strings; name = "es-419"; path = "es-419.lproj/Main.strings"; sourceTree = "<group>"; };
		A546B41D20110D4500F3CB89 /* es-419 */ = {isa = PBXFileReference; lastKnownFileType = text.plist.strings; name = "es-419"; path = "es-419.lproj/LaunchScreen.strings"; sourceTree = "<group>"; };
		A546B41E20110D4500F3CB89 /* es-419 */ = {isa = PBXFileReference; lastKnownFileType = text.plist.strings; name = "es-419"; path = "es-419.lproj/Default.strings"; sourceTree = "<group>"; };
		A546B41F201123FF00F3CB89 /* es */ = {isa = PBXFileReference; lastKnownFileType = text.plist.strings; name = es; path = es.lproj/Main.strings; sourceTree = "<group>"; };
		A546B420201123FF00F3CB89 /* es */ = {isa = PBXFileReference; lastKnownFileType = text.plist.strings; name = es; path = es.lproj/LaunchScreen.strings; sourceTree = "<group>"; };
		A546B421201123FF00F3CB89 /* es */ = {isa = PBXFileReference; lastKnownFileType = text.plist.strings; name = es; path = es.lproj/Default.strings; sourceTree = "<group>"; };
		A546B4232011342200F3CB89 /* en */ = {isa = PBXFileReference; lastKnownFileType = text.plist.strings; name = en; path = en.lproj/Main.strings; sourceTree = "<group>"; };
		CF20DF952041F7720045D941 /* EmptyListView.swift */ = {isa = PBXFileReference; lastKnownFileType = sourcecode.swift; path = EmptyListView.swift; sourceTree = "<group>"; };
		CF20DF972041F78A0045D941 /* EmptyListView.xib */ = {isa = PBXFileReference; lastKnownFileType = file.xib; path = EmptyListView.xib; sourceTree = "<group>"; };
		CF5A5208200926D600BC7890 /* ListBrowserTableViewCell.swift */ = {isa = PBXFileReference; lastKnownFileType = sourcecode.swift; path = ListBrowserTableViewCell.swift; sourceTree = "<group>"; };
		CF5A5209200926D600BC7890 /* ListBrowserTableViewCell.xib */ = {isa = PBXFileReference; lastKnownFileType = file.xib; path = ListBrowserTableViewCell.xib; sourceTree = "<group>"; };
		CFB15BD0200D985E00B02AFB /* PlayerDetailViewController.swift */ = {isa = PBXFileReference; lastKnownFileType = sourcecode.swift; path = PlayerDetailViewController.swift; sourceTree = "<group>"; };
		CFE3DA891FF71B43004D9D0F /* ListBrowserPresenter.swift */ = {isa = PBXFileReference; lastKnownFileType = sourcecode.swift; path = ListBrowserPresenter.swift; sourceTree = "<group>"; };
/* End PBXFileReference section */

/* Begin PBXFrameworksBuildPhase section */
		96591C601FE85B660067BB2E /* Frameworks */ = {
			isa = PBXFrameworksBuildPhase;
			buildActionMask = 2147483647;
			files = (
				AD1C6D5909604EEF3DA38444 /* Pods_MAFIA.framework in Frameworks */,
			);
			runOnlyForDeploymentPostprocessing = 0;
		};
		96591C771FE85B660067BB2E /* Frameworks */ = {
			isa = PBXFrameworksBuildPhase;
			buildActionMask = 2147483647;
			files = (
			);
			runOnlyForDeploymentPostprocessing = 0;
		};
		96591C821FE85B660067BB2E /* Frameworks */ = {
			isa = PBXFrameworksBuildPhase;
			buildActionMask = 2147483647;
			files = (
			);
			runOnlyForDeploymentPostprocessing = 0;
		};
/* End PBXFrameworksBuildPhase section */

/* Begin PBXGroup section */
		12B843804BCD6964D835B66C /* Frameworks */ = {
			isa = PBXGroup;
			children = (
				9CFE82394293015048A278BB /* Pods_MAFIA.framework */,
			);
			name = Frameworks;
			sourceTree = "<group>";
		};
		6E0163242011800C00E91421 /* CoreData */ = {
			isa = PBXGroup;
			children = (
				6E0163252011802100E91421 /* PlayerMOExtension.swift */,
				6E016327201190E700E91421 /* ListMOExtension.swift */,
			);
			path = CoreData;
			sourceTree = "<group>";
		};
		6E2618AB1FF5C99D00F3AF93 /* Connection */ = {
			isa = PBXGroup;
			children = (
				9620D7B51FE95134008E0F55 /* CoreDataConnection.swift */,
			);
			path = Connection;
			sourceTree = "<group>";
		};
		96002FCA1FE85D8E00F8DF1F /* Entities */ = {
			isa = PBXGroup;
			children = (
				9630A8911FFEA29B000C96CA /* GameManager.swift */,
				96775C872011403A0092658D /* Player.swift */,
				6E0163142011785F00E91421 /* List.swift */,
			);
			path = Entities;
			sourceTree = "<group>";
		};
		960A297320002B7A00D23981 /* List */ = {
			isa = PBXGroup;
			children = (
				9688E19F20728B9300853071 /* TableViewCells */,
				960A297420002BB100D23981 /* ListViewController.swift */,
			);
			path = List;
			sourceTree = "<group>";
		};
		96173D7F200510BB008742AA /* Services */ = {
			isa = PBXGroup;
			children = (
				963BA3E21FF596A600090DDE /* PlayerServiceTest.swift */,
				963BA3E41FF596BC00090DDE /* ListServiceTest.swift */,
				960A297A2000388500D23981 /* DetailListPlayersServiceTest.swift */,
			);
			path = Services;
			sourceTree = "<group>";
		};
		96173D84200562FB008742AA /* Presenters */ = {
			isa = PBXGroup;
			children = (
				9688E1BA2075334600853071 /* BasePresenterTest.swift */,
				96173D8520056369008742AA /* GamePresenterTest.swift */,
				9688E1B0207403BB00853071 /* ListBrowserPresenterTest.swift */,
			);
			path = Presenters;
			sourceTree = "<group>";
		};
		9620D7B21FE94F16008E0F55 /* Services */ = {
			isa = PBXGroup;
			children = (
				9620D7B31FE94F29008E0F55 /* PlayerService.swift */,
				963BA3E01FF58F4200090DDE /* ListService.swift */,
				6E2618AE1FF5D2B200F3AF93 /* BaseService.swift */,
				960A2978200034DD00D23981 /* DetailListPlayersService.swift */,
			);
			path = Services;
			sourceTree = "<group>";
		};
		9620D7B91FE9711C008E0F55 /* Storyboards */ = {
			isa = PBXGroup;
			children = (
				96591C6A1FE85B660067BB2E /* Main.storyboard */,
				96591C721FE85B660067BB2E /* LaunchScreen.storyboard */,
			);
			path = Storyboards;
			sourceTree = "<group>";
		};
		9620D7BA1FE97125008E0F55 /* Controllers */ = {
			isa = PBXGroup;
			children = (
				960A297320002B7A00D23981 /* List */,
				CFE3DA881FF70F0C004D9D0F /* ListBrowser */,
				9620D7C11FE995B5008E0F55 /* Game */,
			);
			path = Controllers;
			sourceTree = "<group>";
		};
		9620D7C11FE995B5008E0F55 /* Game */ = {
			isa = PBXGroup;
			children = (
				CFB15BCF200D97DD00B02AFB /* PlayerDetail */,
				9620D7C21FE995BC008E0F55 /* TableViewCells */,
				96591C681FE85B660067BB2E /* GameViewController.swift */,
			);
			path = Game;
			sourceTree = "<group>";
		};
		9620D7C21FE995BC008E0F55 /* TableViewCells */ = {
			isa = PBXGroup;
			children = (
				9620D7C31FE995D0008E0F55 /* PlayerTableViewCell.swift */,
				9620D7C41FE995D0008E0F55 /* PlayerTableViewCell.xib */,
			);
			path = TableViewCells;
			sourceTree = "<group>";
		};
		963BA3E61FF59C2500090DDE /* Mocks */ = {
			isa = PBXGroup;
			children = (
				9688E1BF207536EE00853071 /* Services */,
				9688E1BD207536A600853071 /* Views */,
				963BA3E71FF59C3600090DDE /* MockData.swift */,
			);
			path = Mocks;
			sourceTree = "<group>";
		};
		96591C5A1FE85B660067BB2E = {
			isa = PBXGroup;
			children = (
				6E016316201178E500E91421 /* PlayerMO+CoreDataClass.swift */,
				6E016317201178E500E91421 /* PlayerMO+CoreDataProperties.swift */,
				6E01631C20117B4E00E91421 /* ListMO+CoreDataClass.swift */,
				6E01631D20117B4E00E91421 /* ListMO+CoreDataProperties.swift */,
				96591C651FE85B660067BB2E /* MAFIA */,
				96591C7D1FE85B660067BB2E /* MAFIATests */,
				96591C881FE85B660067BB2E /* MAFIAUITests */,
				96591C641FE85B660067BB2E /* Products */,
				D66B8CD5A3C5D0A89DBD9AD5 /* Pods */,
				12B843804BCD6964D835B66C /* Frameworks */,
			);
			indentWidth = 4;
			sourceTree = "<group>";
			tabWidth = 4;
		};
		96591C641FE85B660067BB2E /* Products */ = {
			isa = PBXGroup;
			children = (
				96591C631FE85B660067BB2E /* MAFIA.app */,
				96591C7A1FE85B660067BB2E /* MAFIATests.xctest */,
				96591C851FE85B660067BB2E /* MAFIAUITests.xctest */,
			);
			name = Products;
			sourceTree = "<group>";
		};
		96591C651FE85B660067BB2E /* MAFIA */ = {
			isa = PBXGroup;
			children = (
				97CE9FCB1FEB057E00A8A55E /* Common */,
				96591C991FE85B940067BB2E /* Core */,
				96591C981FE85B880067BB2E /* Presenter */,
				96591C971FE85B7F0067BB2E /* Views */,
				96591C661FE85B660067BB2E /* AppDelegate.swift */,
				96591C701FE85B660067BB2E /* Assets.xcassets */,
				96591C751FE85B660067BB2E /* Info.plist */,
				96591C6D1FE85B660067BB2E /* MAFIA.xcdatamodeld */,
			);
			path = MAFIA;
			sourceTree = "<group>";
		};
		96591C7D1FE85B660067BB2E /* MAFIATests */ = {
			isa = PBXGroup;
			children = (
				96173D84200562FB008742AA /* Presenters */,
				96173D7F200510BB008742AA /* Services */,
				963BA3E61FF59C2500090DDE /* Mocks */,
				96591C7E1FE85B660067BB2E /* MAFIATests.swift */,
				96173D80200523E1008742AA /* BaseTest.swift */,
				96591C801FE85B660067BB2E /* Info.plist */,
			);
			path = MAFIATests;
			sourceTree = "<group>";
		};
		96591C881FE85B660067BB2E /* MAFIAUITests */ = {
			isa = PBXGroup;
			children = (
				96591C891FE85B660067BB2E /* MAFIAUITests.swift */,
				96591C8B1FE85B660067BB2E /* Info.plist */,
			);
			path = MAFIAUITests;
			sourceTree = "<group>";
		};
		96591C971FE85B7F0067BB2E /* Views */ = {
			isa = PBXGroup;
			children = (
				CF20DF942041F6C80045D941 /* Custom Views */,
				96F9DE791FED603600C32C30 /* Menu */,
				9620D7BA1FE97125008E0F55 /* Controllers */,
				9620D7B91FE9711C008E0F55 /* Storyboards */,
			);
			path = Views;
			sourceTree = "<group>";
		};
		96591C981FE85B880067BB2E /* Presenter */ = {
			isa = PBXGroup;
			children = (
				96002FD01FE860E300F8DF1F /* GamePresenter.swift */,
				96BEA68B1FF42F6000231518 /* MenuPresenter.swift */,
				CFE3DA891FF71B43004D9D0F /* ListBrowserPresenter.swift */,
				07434A7D2002B2E0004AE1CC /* ListPresenter.swift */,
			);
			path = Presenter;
			sourceTree = "<group>";
		};
		96591C991FE85B940067BB2E /* Core */ = {
			isa = PBXGroup;
			children = (
				966546852010F9DF008D0A8B /* Protocols */,
				6E2618AB1FF5C99D00F3AF93 /* Connection */,
				9620D7B21FE94F16008E0F55 /* Services */,
				96002FCA1FE85D8E00F8DF1F /* Entities */,
			);
			path = Core;
			sourceTree = "<group>";
		};
		966546852010F9DF008D0A8B /* Protocols */ = {
			isa = PBXGroup;
			children = (
				6E2618AC1FF5C9BD00F3AF93 /* DatabaseProtocol.swift */,
				966546862010F9FA008D0A8B /* BaseView.swift */,
				6E01631A20117AAE00E91421 /* CoreDataIdentifier.swift */,
			);
			path = Protocols;
			sourceTree = "<group>";
		};
		9688E19F20728B9300853071 /* TableViewCells */ = {
			isa = PBXGroup;
			children = (
				9688E1A420728C2600853071 /* PlayerDetailsTableViewCell.swift */,
				9688E1A520728C2600853071 /* PlayerDetailsTableViewCell.xib */,
			);
			path = TableViewCells;
			sourceTree = "<group>";
		};
		9688E1BD207536A600853071 /* Views */ = {
			isa = PBXGroup;
			children = (
				96173D8720056537008742AA /* MockGameView.swift */,
				9688E1B2207522EB00853071 /* MockListPlayersView.swift */,
			);
			path = Views;
			sourceTree = "<group>";
		};
		9688E1BF207536EE00853071 /* Services */ = {
			isa = PBXGroup;
			children = (
				96173D892005669C008742AA /* MockPlayerService.swift */,
				9688E1B42075311900853071 /* MockListService.swift */,
			);
			path = Services;
			sourceTree = "<group>";
		};
		96E47F2A208A357800A53F58 /* UIViewControllerTransitions */ = {
			isa = PBXGroup;
			children = (
				96E47F2B208A359D00A53F58 /* PushMenuTransition.swift */,
			);
			path = UIViewControllerTransitions;
			sourceTree = "<group>";
		};
		96F9DE791FED603600C32C30 /* Menu */ = {
			isa = PBXGroup;
			children = (
				96F9DE7C1FED608C00C32C30 /* TableViewCells */,
				96B3C3161FF40BB100363A3F /* MenuViewController.swift */,
			);
			path = Menu;
			sourceTree = "<group>";
		};
		96F9DE7C1FED608C00C32C30 /* TableViewCells */ = {
			isa = PBXGroup;
			children = (
				96F9DE7D1FED60A900C32C30 /* MenuTableViewCell.swift */,
				96F9DE7E1FED60A900C32C30 /* MenuTableViewCell.xib */,
			);
			path = TableViewCells;
			sourceTree = "<group>";
		};
		97CE9FCB1FEB057E00A8A55E /* Common */ = {
			isa = PBXGroup;
			children = (
				96E47F2A208A357800A53F58 /* UIViewControllerTransitions */,
				97CE9FD41FEB14EE00A8A55E /* LocalizedStrings */,
				97CE9FD11FEB14BD00A8A55E /* Extensions */,
				97CE9FCD1FEB05A700A8A55E /* Utils.swift */,
				9620D7BF1FE99267008E0F55 /* Enums.swift */,
				97CE9FCF1FEB08AE00A8A55E /* GameRules.swift */,
				960A297620002C5B00D23981 /* Segues.swift */,
			);
			path = Common;
			sourceTree = "<group>";
		};
		97CE9FD11FEB14BD00A8A55E /* Extensions */ = {
			isa = PBXGroup;
			children = (
				6E0163242011800C00E91421 /* CoreData */,
				97CE9FD21FEB14C900A8A55E /* StringExtension.swift */,
				6E8F889D1FF701D900F7AB49 /* NSManagedObjectContextExtension.swift */,
				965F34F81FE9CE8C00752CD9 /* MutableCollectionExtension.swift */,
				96173D822005597A008742AA /* NSSetExtension.swift */,
				967F416F20098EEB006D04CB /* ArrayExtension.swift */,
				A546B4172010CDC000F3CB89 /* UIViewControllerExtension.swift */,
				9688E1A82072B44700853071 /* UIColorExtension.swift */,
				9688E1AC2072C7F100853071 /* UIViewExtension.swift */,
				9688E1AE2073D04000853071 /* UIFontExtension.swift */,
			);
			path = Extensions;
			sourceTree = "<group>";
		};
		97CE9FD41FEB14EE00A8A55E /* LocalizedStrings */ = {
			isa = PBXGroup;
			children = (
				97CE9FD91FEB15CF00A8A55E /* Default.strings */,
			);
			path = LocalizedStrings;
			sourceTree = "<group>";
		};
		CF20DF942041F6C80045D941 /* Custom Views */ = {
			isa = PBXGroup;
			children = (
				CF20DF952041F7720045D941 /* EmptyListView.swift */,
				CF20DF972041F78A0045D941 /* EmptyListView.xib */,
			);
			path = "Custom Views";
			sourceTree = "<group>";
		};
		CF5A52072009264200BC7890 /* TableViewCells */ = {
			isa = PBXGroup;
			children = (
				CF5A5208200926D600BC7890 /* ListBrowserTableViewCell.swift */,
				CF5A5209200926D600BC7890 /* ListBrowserTableViewCell.xib */,
			);
			path = TableViewCells;
			sourceTree = "<group>";
		};
		CFB15BCF200D97DD00B02AFB /* PlayerDetail */ = {
			isa = PBXGroup;
			children = (
				CFB15BD0200D985E00B02AFB /* PlayerDetailViewController.swift */,
			);
			path = PlayerDetail;
			sourceTree = "<group>";
		};
		CFE3DA881FF70F0C004D9D0F /* ListBrowser */ = {
			isa = PBXGroup;
			children = (
				96E47F28208900E900A53F58 /* ListBrowserViewController.swift */,
				CF5A52072009264200BC7890 /* TableViewCells */,
			);
			path = ListBrowser;
			sourceTree = "<group>";
		};
		D66B8CD5A3C5D0A89DBD9AD5 /* Pods */ = {
			isa = PBXGroup;
			children = (
				307593A3C5E5C930B25F1631 /* Pods-MAFIA.debug.xcconfig */,
				3352B843D1F40BA1BDA85695 /* Pods-MAFIA.release.xcconfig */,
			);
			name = Pods;
			sourceTree = "<group>";
		};
/* End PBXGroup section */

/* Begin PBXNativeTarget section */
		96591C621FE85B660067BB2E /* MAFIA */ = {
			isa = PBXNativeTarget;
			buildConfigurationList = 96591C8E1FE85B660067BB2E /* Build configuration list for PBXNativeTarget "MAFIA" */;
			buildPhases = (
				A57F786DE5A10F190107C625 /* [CP] Check Pods Manifest.lock */,
				96591C5F1FE85B660067BB2E /* Sources */,
				96591C601FE85B660067BB2E /* Frameworks */,
				96591C611FE85B660067BB2E /* Resources */,
			);
			buildRules = (
			);
			dependencies = (
			);
			name = MAFIA;
			productName = MAFIA;
			productReference = 96591C631FE85B660067BB2E /* MAFIA.app */;
			productType = "com.apple.product-type.application";
		};
		96591C791FE85B660067BB2E /* MAFIATests */ = {
			isa = PBXNativeTarget;
			buildConfigurationList = 96591C911FE85B660067BB2E /* Build configuration list for PBXNativeTarget "MAFIATests" */;
			buildPhases = (
				96591C761FE85B660067BB2E /* Sources */,
				96591C771FE85B660067BB2E /* Frameworks */,
				96591C781FE85B660067BB2E /* Resources */,
			);
			buildRules = (
			);
			dependencies = (
				96591C7C1FE85B660067BB2E /* PBXTargetDependency */,
			);
			name = MAFIATests;
			productName = MAFIATests;
			productReference = 96591C7A1FE85B660067BB2E /* MAFIATests.xctest */;
			productType = "com.apple.product-type.bundle.unit-test";
		};
		96591C841FE85B660067BB2E /* MAFIAUITests */ = {
			isa = PBXNativeTarget;
			buildConfigurationList = 96591C941FE85B660067BB2E /* Build configuration list for PBXNativeTarget "MAFIAUITests" */;
			buildPhases = (
				96591C811FE85B660067BB2E /* Sources */,
				96591C821FE85B660067BB2E /* Frameworks */,
				96591C831FE85B660067BB2E /* Resources */,
			);
			buildRules = (
			);
			dependencies = (
				96591C871FE85B660067BB2E /* PBXTargetDependency */,
			);
			name = MAFIAUITests;
			productName = MAFIAUITests;
			productReference = 96591C851FE85B660067BB2E /* MAFIAUITests.xctest */;
			productType = "com.apple.product-type.bundle.ui-testing";
		};
/* End PBXNativeTarget section */

/* Begin PBXProject section */
		96591C5B1FE85B660067BB2E /* Project object */ = {
			isa = PBXProject;
			attributes = {
				BuildIndependentTargetsInParallel = YES;
				LastSwiftUpdateCheck = 0900;
				LastUpgradeCheck = 1500;
				ORGANIZATIONNAME = "Santiago Carmona Gonzalez";
				TargetAttributes = {
					96591C621FE85B660067BB2E = {
						CreatedOnToolsVersion = 9.0.1;
						LastSwiftMigration = 1500;
						ProvisioningStyle = Manual;
					};
					96591C791FE85B660067BB2E = {
						CreatedOnToolsVersion = 9.0.1;
						LastSwiftMigration = 1000;
						ProvisioningStyle = Automatic;
						TestTargetID = 96591C621FE85B660067BB2E;
					};
					96591C841FE85B660067BB2E = {
						CreatedOnToolsVersion = 9.0.1;
						LastSwiftMigration = 1000;
						ProvisioningStyle = Automatic;
						TestTargetID = 96591C621FE85B660067BB2E;
					};
				};
			};
			buildConfigurationList = 96591C5E1FE85B660067BB2E /* Build configuration list for PBXProject "MAFIA" */;
			compatibilityVersion = "Xcode 8.0";
			developmentRegion = en;
			hasScannedForEncodings = 0;
			knownRegions = (
				en,
				Base,
				"es-419",
				es,
			);
			mainGroup = 96591C5A1FE85B660067BB2E;
			productRefGroup = 96591C641FE85B660067BB2E /* Products */;
			projectDirPath = "";
			projectRoot = "";
			targets = (
				96591C621FE85B660067BB2E /* MAFIA */,
				96591C791FE85B660067BB2E /* MAFIATests */,
				96591C841FE85B660067BB2E /* MAFIAUITests */,
			);
		};
/* End PBXProject section */

/* Begin PBXResourcesBuildPhase section */
		96591C611FE85B660067BB2E /* Resources */ = {
			isa = PBXResourcesBuildPhase;
			buildActionMask = 2147483647;
			files = (
				CF20DF982041F78A0045D941 /* EmptyListView.xib in Resources */,
				96F9DE801FED60A900C32C30 /* MenuTableViewCell.xib in Resources */,
				97CE9FD71FEB15CF00A8A55E /* Default.strings in Resources */,
				9620D7C61FE995D0008E0F55 /* PlayerTableViewCell.xib in Resources */,
				96591C741FE85B660067BB2E /* LaunchScreen.storyboard in Resources */,
				9688E1A720728C2600853071 /* PlayerDetailsTableViewCell.xib in Resources */,
				96591C711FE85B660067BB2E /* Assets.xcassets in Resources */,
				96591C6C1FE85B660067BB2E /* Main.storyboard in Resources */,
				CF5A520B200926D600BC7890 /* ListBrowserTableViewCell.xib in Resources */,
			);
			runOnlyForDeploymentPostprocessing = 0;
		};
		96591C781FE85B660067BB2E /* Resources */ = {
			isa = PBXResourcesBuildPhase;
			buildActionMask = 2147483647;
			files = (
			);
			runOnlyForDeploymentPostprocessing = 0;
		};
		96591C831FE85B660067BB2E /* Resources */ = {
			isa = PBXResourcesBuildPhase;
			buildActionMask = 2147483647;
			files = (
			);
			runOnlyForDeploymentPostprocessing = 0;
		};
/* End PBXResourcesBuildPhase section */

/* Begin PBXShellScriptBuildPhase section */
		A57F786DE5A10F190107C625 /* [CP] Check Pods Manifest.lock */ = {
			isa = PBXShellScriptBuildPhase;
			buildActionMask = 2147483647;
			files = (
			);
			inputPaths = (
				"${PODS_PODFILE_DIR_PATH}/Podfile.lock",
				"${PODS_ROOT}/Manifest.lock",
			);
			name = "[CP] Check Pods Manifest.lock";
			outputPaths = (
				"$(DERIVED_FILE_DIR)/Pods-MAFIA-checkManifestLockResult.txt",
			);
			runOnlyForDeploymentPostprocessing = 0;
			shellPath = /bin/sh;
			shellScript = "diff \"${PODS_PODFILE_DIR_PATH}/Podfile.lock\" \"${PODS_ROOT}/Manifest.lock\" > /dev/null\nif [ $? != 0 ] ; then\n    # print error to STDERR\n    echo \"error: The sandbox is not in sync with the Podfile.lock. Run 'pod install' or update your CocoaPods installation.\" >&2\n    exit 1\nfi\n# This output is used by Xcode 'outputs' to avoid re-running this script phase.\necho \"SUCCESS\" > \"${SCRIPT_OUTPUT_FILE_0}\"\n";
			showEnvVarsInLog = 0;
		};
/* End PBXShellScriptBuildPhase section */

/* Begin PBXSourcesBuildPhase section */
		96591C5F1FE85B660067BB2E /* Sources */ = {
			isa = PBXSourcesBuildPhase;
			buildActionMask = 2147483647;
			files = (
				9620D7B41FE94F29008E0F55 /* PlayerService.swift in Sources */,
				96002FD11FE860E300F8DF1F /* GamePresenter.swift in Sources */,
				966546872010F9FA008D0A8B /* BaseView.swift in Sources */,
				6E0163152011785F00E91421 /* List.swift in Sources */,
				960A297720002C5B00D23981 /* Segues.swift in Sources */,
				9688E1AF2073D04000853071 /* UIFontExtension.swift in Sources */,
				9688E1A620728C2600853071 /* PlayerDetailsTableViewCell.swift in Sources */,
				96173D832005597A008742AA /* NSSetExtension.swift in Sources */,
				96591C691FE85B660067BB2E /* GameViewController.swift in Sources */,
				97CE9FD01FEB08AE00A8A55E /* GameRules.swift in Sources */,
				9620D7B61FE95134008E0F55 /* CoreDataConnection.swift in Sources */,
				6E016328201190E700E91421 /* ListMOExtension.swift in Sources */,
				96591C671FE85B660067BB2E /* AppDelegate.swift in Sources */,
				6E01631B20117AAE00E91421 /* CoreDataIdentifier.swift in Sources */,
				97CE9FD31FEB14C900A8A55E /* StringExtension.swift in Sources */,
				967F417020098EEB006D04CB /* ArrayExtension.swift in Sources */,
				6E2618AF1FF5D2B200F3AF93 /* BaseService.swift in Sources */,
				965F34F91FE9CE8C00752CD9 /* MutableCollectionExtension.swift in Sources */,
				963BA3E11FF58F4200090DDE /* ListService.swift in Sources */,
				96B3C3171FF40BB100363A3F /* MenuViewController.swift in Sources */,
				96775C882011403A0092658D /* Player.swift in Sources */,
				6E8F889E1FF701D900F7AB49 /* NSManagedObjectContextExtension.swift in Sources */,
				9620D7C51FE995D0008E0F55 /* PlayerTableViewCell.swift in Sources */,
				9620D7C01FE99267008E0F55 /* Enums.swift in Sources */,
				A546B4182010CDC000F3CB89 /* UIViewControllerExtension.swift in Sources */,
				6E016319201178E500E91421 /* PlayerMO+CoreDataProperties.swift in Sources */,
				96E47F2C208A359D00A53F58 /* PushMenuTransition.swift in Sources */,
				6E0163262011802100E91421 /* PlayerMOExtension.swift in Sources */,
				96591C6F1FE85B660067BB2E /* MAFIA.xcdatamodeld in Sources */,
				CFB15BD1200D985E00B02AFB /* PlayerDetailViewController.swift in Sources */,
				97CE9FCE1FEB05A700A8A55E /* Utils.swift in Sources */,
				6E016318201178E500E91421 /* PlayerMO+CoreDataClass.swift in Sources */,
				96F9DE7F1FED60A900C32C30 /* MenuTableViewCell.swift in Sources */,
				9688E1A92072B44700853071 /* UIColorExtension.swift in Sources */,
				CF5A520A200926D600BC7890 /* ListBrowserTableViewCell.swift in Sources */,
				6E01631E20117B4E00E91421 /* ListMO+CoreDataClass.swift in Sources */,
				96BEA68C1FF42F6000231518 /* MenuPresenter.swift in Sources */,
				960A297520002BB100D23981 /* ListViewController.swift in Sources */,
				96E47F29208900E900A53F58 /* ListBrowserViewController.swift in Sources */,
				6E2618AD1FF5C9BD00F3AF93 /* DatabaseProtocol.swift in Sources */,
				6E01631F20117B4E00E91421 /* ListMO+CoreDataProperties.swift in Sources */,
				07434A7E2002B2E0004AE1CC /* ListPresenter.swift in Sources */,
				960A2979200034DD00D23981 /* DetailListPlayersService.swift in Sources */,
				9688E1AD2072C7F100853071 /* UIViewExtension.swift in Sources */,
				CFE3DA8A1FF71B43004D9D0F /* ListBrowserPresenter.swift in Sources */,
				9630A8921FFEA29B000C96CA /* GameManager.swift in Sources */,
				CF20DF962041F7720045D941 /* EmptyListView.swift in Sources */,
			);
			runOnlyForDeploymentPostprocessing = 0;
		};
		96591C761FE85B660067BB2E /* Sources */ = {
			isa = PBXSourcesBuildPhase;
			buildActionMask = 2147483647;
			files = (
				963BA3E31FF596A600090DDE /* PlayerServiceTest.swift in Sources */,
				9688E1BB2075334600853071 /* BasePresenterTest.swift in Sources */,
				96173D8A2005669C008742AA /* MockPlayerService.swift in Sources */,
				963BA3E81FF59C3600090DDE /* MockData.swift in Sources */,
				96591C7F1FE85B660067BB2E /* MAFIATests.swift in Sources */,
				960A297B2000388500D23981 /* DetailListPlayersServiceTest.swift in Sources */,
				96173D8820056537008742AA /* MockGameView.swift in Sources */,
				96173D81200523E1008742AA /* BaseTest.swift in Sources */,
				9688E1B1207403BB00853071 /* ListBrowserPresenterTest.swift in Sources */,
				963BA3E51FF596BC00090DDE /* ListServiceTest.swift in Sources */,
				9688E1B3207522EB00853071 /* MockListPlayersView.swift in Sources */,
				9688E1B52075311900853071 /* MockListService.swift in Sources */,
				96173D8620056369008742AA /* GamePresenterTest.swift in Sources */,
			);
			runOnlyForDeploymentPostprocessing = 0;
		};
		96591C811FE85B660067BB2E /* Sources */ = {
			isa = PBXSourcesBuildPhase;
			buildActionMask = 2147483647;
			files = (
				96591C8A1FE85B660067BB2E /* MAFIAUITests.swift in Sources */,
			);
			runOnlyForDeploymentPostprocessing = 0;
		};
/* End PBXSourcesBuildPhase section */

/* Begin PBXTargetDependency section */
		96591C7C1FE85B660067BB2E /* PBXTargetDependency */ = {
			isa = PBXTargetDependency;
			target = 96591C621FE85B660067BB2E /* MAFIA */;
			targetProxy = 96591C7B1FE85B660067BB2E /* PBXContainerItemProxy */;
		};
		96591C871FE85B660067BB2E /* PBXTargetDependency */ = {
			isa = PBXTargetDependency;
			target = 96591C621FE85B660067BB2E /* MAFIA */;
			targetProxy = 96591C861FE85B660067BB2E /* PBXContainerItemProxy */;
		};
/* End PBXTargetDependency section */

/* Begin PBXVariantGroup section */
		96591C6A1FE85B660067BB2E /* Main.storyboard */ = {
			isa = PBXVariantGroup;
			children = (
				96591C6B1FE85B660067BB2E /* Base */,
				A546B41C20110D4500F3CB89 /* es-419 */,
				A546B41F201123FF00F3CB89 /* es */,
				A546B4232011342200F3CB89 /* en */,
			);
			name = Main.storyboard;
			sourceTree = "<group>";
		};
		96591C721FE85B660067BB2E /* LaunchScreen.storyboard */ = {
			isa = PBXVariantGroup;
			children = (
				96591C731FE85B660067BB2E /* Base */,
				A546B41D20110D4500F3CB89 /* es-419 */,
				A546B420201123FF00F3CB89 /* es */,
			);
			name = LaunchScreen.storyboard;
			sourceTree = "<group>";
		};
		97CE9FD91FEB15CF00A8A55E /* Default.strings */ = {
			isa = PBXVariantGroup;
			children = (
				A546B41E20110D4500F3CB89 /* es-419 */,
				A546B421201123FF00F3CB89 /* es */,
				96D74D082D14D16B00112079 /* en */,
			);
			name = Default.strings;
			sourceTree = "<group>";
		};
/* End PBXVariantGroup section */

/* Begin XCBuildConfiguration section */
		96591C8C1FE85B660067BB2E /* Debug */ = {
			isa = XCBuildConfiguration;
			buildSettings = {
				ALWAYS_SEARCH_USER_PATHS = NO;
				CLANG_ANALYZER_LOCALIZABILITY_NONLOCALIZED = YES;
				CLANG_ANALYZER_NONNULL = YES;
				CLANG_ANALYZER_NUMBER_OBJECT_CONVERSION = YES_AGGRESSIVE;
				CLANG_CXX_LANGUAGE_STANDARD = "gnu++14";
				CLANG_CXX_LIBRARY = "libc++";
				CLANG_ENABLE_MODULES = YES;
				CLANG_ENABLE_OBJC_ARC = YES;
				CLANG_WARN_BLOCK_CAPTURE_AUTORELEASING = YES;
				CLANG_WARN_BOOL_CONVERSION = YES;
				CLANG_WARN_COMMA = YES;
				CLANG_WARN_CONSTANT_CONVERSION = YES;
				CLANG_WARN_DEPRECATED_OBJC_IMPLEMENTATIONS = YES;
				CLANG_WARN_DIRECT_OBJC_ISA_USAGE = YES_ERROR;
				CLANG_WARN_DOCUMENTATION_COMMENTS = YES;
				CLANG_WARN_EMPTY_BODY = YES;
				CLANG_WARN_ENUM_CONVERSION = YES;
				CLANG_WARN_INFINITE_RECURSION = YES;
				CLANG_WARN_INT_CONVERSION = YES;
				CLANG_WARN_NON_LITERAL_NULL_CONVERSION = YES;
				CLANG_WARN_OBJC_IMPLICIT_RETAIN_SELF = YES;
				CLANG_WARN_OBJC_LITERAL_CONVERSION = YES;
				CLANG_WARN_OBJC_ROOT_CLASS = YES_ERROR;
				CLANG_WARN_QUOTED_INCLUDE_IN_FRAMEWORK_HEADER = YES;
				CLANG_WARN_RANGE_LOOP_ANALYSIS = YES;
				CLANG_WARN_STRICT_PROTOTYPES = YES;
				CLANG_WARN_SUSPICIOUS_MOVE = YES;
				CLANG_WARN_UNGUARDED_AVAILABILITY = YES_AGGRESSIVE;
				CLANG_WARN_UNREACHABLE_CODE = YES;
				CLANG_WARN__DUPLICATE_METHOD_MATCH = YES;
				CODE_SIGN_IDENTITY = "iPhone Developer";
				COPY_PHASE_STRIP = NO;
				DEBUG_INFORMATION_FORMAT = dwarf;
				ENABLE_STRICT_OBJC_MSGSEND = YES;
				ENABLE_TESTABILITY = YES;
				ENABLE_USER_SCRIPT_SANDBOXING = YES;
				GCC_C_LANGUAGE_STANDARD = gnu11;
				GCC_DYNAMIC_NO_PIC = NO;
				GCC_NO_COMMON_BLOCKS = YES;
				GCC_OPTIMIZATION_LEVEL = 0;
				GCC_PREPROCESSOR_DEFINITIONS = (
					"DEBUG=1",
					"$(inherited)",
				);
				GCC_WARN_64_TO_32_BIT_CONVERSION = YES;
				GCC_WARN_ABOUT_RETURN_TYPE = YES_ERROR;
				GCC_WARN_UNDECLARED_SELECTOR = YES;
				GCC_WARN_UNINITIALIZED_AUTOS = YES_AGGRESSIVE;
				GCC_WARN_UNUSED_FUNCTION = YES;
				GCC_WARN_UNUSED_VARIABLE = YES;
				IPHONEOS_DEPLOYMENT_TARGET = 16.4;
				MTL_ENABLE_DEBUG_INFO = YES;
				ONLY_ACTIVE_ARCH = YES;
				SDKROOT = iphoneos;
				SWIFT_ACTIVE_COMPILATION_CONDITIONS = DEBUG;
				SWIFT_OPTIMIZATION_LEVEL = "-Onone";
			};
			name = Debug;
		};
		96591C8D1FE85B660067BB2E /* Release */ = {
			isa = XCBuildConfiguration;
			buildSettings = {
				ALWAYS_SEARCH_USER_PATHS = NO;
				CLANG_ANALYZER_LOCALIZABILITY_NONLOCALIZED = YES;
				CLANG_ANALYZER_NONNULL = YES;
				CLANG_ANALYZER_NUMBER_OBJECT_CONVERSION = YES_AGGRESSIVE;
				CLANG_CXX_LANGUAGE_STANDARD = "gnu++14";
				CLANG_CXX_LIBRARY = "libc++";
				CLANG_ENABLE_MODULES = YES;
				CLANG_ENABLE_OBJC_ARC = YES;
				CLANG_WARN_BLOCK_CAPTURE_AUTORELEASING = YES;
				CLANG_WARN_BOOL_CONVERSION = YES;
				CLANG_WARN_COMMA = YES;
				CLANG_WARN_CONSTANT_CONVERSION = YES;
				CLANG_WARN_DEPRECATED_OBJC_IMPLEMENTATIONS = YES;
				CLANG_WARN_DIRECT_OBJC_ISA_USAGE = YES_ERROR;
				CLANG_WARN_DOCUMENTATION_COMMENTS = YES;
				CLANG_WARN_EMPTY_BODY = YES;
				CLANG_WARN_ENUM_CONVERSION = YES;
				CLANG_WARN_INFINITE_RECURSION = YES;
				CLANG_WARN_INT_CONVERSION = YES;
				CLANG_WARN_NON_LITERAL_NULL_CONVERSION = YES;
				CLANG_WARN_OBJC_IMPLICIT_RETAIN_SELF = YES;
				CLANG_WARN_OBJC_LITERAL_CONVERSION = YES;
				CLANG_WARN_OBJC_ROOT_CLASS = YES_ERROR;
				CLANG_WARN_QUOTED_INCLUDE_IN_FRAMEWORK_HEADER = YES;
				CLANG_WARN_RANGE_LOOP_ANALYSIS = YES;
				CLANG_WARN_STRICT_PROTOTYPES = YES;
				CLANG_WARN_SUSPICIOUS_MOVE = YES;
				CLANG_WARN_UNGUARDED_AVAILABILITY = YES_AGGRESSIVE;
				CLANG_WARN_UNREACHABLE_CODE = YES;
				CLANG_WARN__DUPLICATE_METHOD_MATCH = YES;
				CODE_SIGN_IDENTITY = "iPhone Developer";
				COPY_PHASE_STRIP = NO;
				DEBUG_INFORMATION_FORMAT = "dwarf-with-dsym";
				ENABLE_NS_ASSERTIONS = NO;
				ENABLE_STRICT_OBJC_MSGSEND = YES;
				ENABLE_USER_SCRIPT_SANDBOXING = YES;
				GCC_C_LANGUAGE_STANDARD = gnu11;
				GCC_NO_COMMON_BLOCKS = YES;
				GCC_WARN_64_TO_32_BIT_CONVERSION = YES;
				GCC_WARN_ABOUT_RETURN_TYPE = YES_ERROR;
				GCC_WARN_UNDECLARED_SELECTOR = YES;
				GCC_WARN_UNINITIALIZED_AUTOS = YES_AGGRESSIVE;
				GCC_WARN_UNUSED_FUNCTION = YES;
				GCC_WARN_UNUSED_VARIABLE = YES;
				IPHONEOS_DEPLOYMENT_TARGET = 16.4;
				MTL_ENABLE_DEBUG_INFO = NO;
				SDKROOT = iphoneos;
				SWIFT_COMPILATION_MODE = wholemodule;
				SWIFT_OPTIMIZATION_LEVEL = "-O";
				VALIDATE_PRODUCT = YES;
			};
			name = Release;
		};
		96591C8F1FE85B660067BB2E /* Debug */ = {
			isa = XCBuildConfiguration;
			baseConfigurationReference = 307593A3C5E5C930B25F1631 /* Pods-MAFIA.debug.xcconfig */;
			buildSettings = {
				ALWAYS_EMBED_SWIFT_STANDARD_LIBRARIES = NO;
				ASSETCATALOG_COMPILER_APPICON_NAME = AppIcon;
				CODE_SIGN_STYLE = Manual;
				DEVELOPMENT_TEAM = "";
				INFOPLIST_FILE = MAFIA/Info.plist;
				LD_RUNPATH_SEARCH_PATHS = (
					"$(inherited)",
					"@executable_path/Frameworks",
				);
				PRODUCT_BUNDLE_IDENTIFIER = co.com.pinkpork.MAFIA;
				PRODUCT_NAME = "$(TARGET_NAME)";
				PROVISIONING_PROFILE_SPECIFIER = "";
				SWIFT_VERSION = 5.0;
				TARGETED_DEVICE_FAMILY = 1;
			};
			name = Debug;
		};
		96591C901FE85B660067BB2E /* Release */ = {
			isa = XCBuildConfiguration;
			baseConfigurationReference = 3352B843D1F40BA1BDA85695 /* Pods-MAFIA.release.xcconfig */;
			buildSettings = {
				ALWAYS_EMBED_SWIFT_STANDARD_LIBRARIES = NO;
				ASSETCATALOG_COMPILER_APPICON_NAME = AppIcon;
				CODE_SIGN_IDENTITY = "iPhone Distribution";
				CODE_SIGN_STYLE = Manual;
				DEVELOPMENT_TEAM = 44BN8Y7Q6Y;
				"DEVELOPMENT_TEAM[sdk=iphoneos*]" = 44BN8Y7Q6Y;
				INFOPLIST_FILE = MAFIA/Info.plist;
				LD_RUNPATH_SEARCH_PATHS = (
					"$(inherited)",
					"@executable_path/Frameworks",
				);
				PRODUCT_BUNDLE_IDENTIFIER = co.com.pinkpork.MAFIA;
				PRODUCT_NAME = "$(TARGET_NAME)";
				PROVISIONING_PROFILE_SPECIFIER = "Mafia-Distribution-Provisioning";
				"PROVISIONING_PROFILE_SPECIFIER[sdk=iphoneos*]" = "Mafia-AppStore-2024";
				SWIFT_VERSION = 5.0;
				TARGETED_DEVICE_FAMILY = 1;
			};
			name = Release;
		};
		96591C921FE85B660067BB2E /* Debug */ = {
			isa = XCBuildConfiguration;
			buildSettings = {
				ALWAYS_EMBED_SWIFT_STANDARD_LIBRARIES = YES;
				BUNDLE_LOADER = "$(TEST_HOST)";
				CODE_SIGN_STYLE = Automatic;
				DEVELOPMENT_TEAM = JXJ9GDPGJT;
				INFOPLIST_FILE = MAFIATests/Info.plist;
				LD_RUNPATH_SEARCH_PATHS = (
					"$(inherited)",
					"@executable_path/Frameworks",
					"@loader_path/Frameworks",
				);
				PRODUCT_BUNDLE_IDENTIFIER = com.santicarmo31.MAFIATests;
				PRODUCT_NAME = "$(TARGET_NAME)";
				SWIFT_VERSION = 4.2;
				TARGETED_DEVICE_FAMILY = "1,2";
				TEST_HOST = "$(BUILT_PRODUCTS_DIR)/MAFIA.app/MAFIA";
			};
			name = Debug;
		};
		96591C931FE85B660067BB2E /* Release */ = {
			isa = XCBuildConfiguration;
			buildSettings = {
				ALWAYS_EMBED_SWIFT_STANDARD_LIBRARIES = YES;
				BUNDLE_LOADER = "$(TEST_HOST)";
				CODE_SIGN_STYLE = Automatic;
				DEVELOPMENT_TEAM = JXJ9GDPGJT;
				INFOPLIST_FILE = MAFIATests/Info.plist;
				LD_RUNPATH_SEARCH_PATHS = (
					"$(inherited)",
					"@executable_path/Frameworks",
					"@loader_path/Frameworks",
				);
				PRODUCT_BUNDLE_IDENTIFIER = com.santicarmo31.MAFIATests;
				PRODUCT_NAME = "$(TARGET_NAME)";
				SWIFT_VERSION = 4.2;
				TARGETED_DEVICE_FAMILY = "1,2";
				TEST_HOST = "$(BUILT_PRODUCTS_DIR)/MAFIA.app/MAFIA";
			};
			name = Release;
		};
		96591C951FE85B660067BB2E /* Debug */ = {
			isa = XCBuildConfiguration;
			buildSettings = {
				ALWAYS_EMBED_SWIFT_STANDARD_LIBRARIES = YES;
				CODE_SIGN_STYLE = Automatic;
				INFOPLIST_FILE = MAFIAUITests/Info.plist;
				LD_RUNPATH_SEARCH_PATHS = (
					"$(inherited)",
					"@executable_path/Frameworks",
					"@loader_path/Frameworks",
				);
				PRODUCT_BUNDLE_IDENTIFIER = com.santicarmo31.MAFIAUITests;
				PRODUCT_NAME = "$(TARGET_NAME)";
				SWIFT_VERSION = 4.2;
				TARGETED_DEVICE_FAMILY = "1,2";
				TEST_TARGET_NAME = MAFIA;
			};
			name = Debug;
		};
		96591C961FE85B660067BB2E /* Release */ = {
			isa = XCBuildConfiguration;
			buildSettings = {
				ALWAYS_EMBED_SWIFT_STANDARD_LIBRARIES = YES;
				CODE_SIGN_STYLE = Automatic;
				INFOPLIST_FILE = MAFIAUITests/Info.plist;
				LD_RUNPATH_SEARCH_PATHS = (
					"$(inherited)",
					"@executable_path/Frameworks",
					"@loader_path/Frameworks",
				);
				PRODUCT_BUNDLE_IDENTIFIER = com.santicarmo31.MAFIAUITests;
				PRODUCT_NAME = "$(TARGET_NAME)";
				SWIFT_VERSION = 4.2;
				TARGETED_DEVICE_FAMILY = "1,2";
				TEST_TARGET_NAME = MAFIA;
			};
			name = Release;
		};
/* End XCBuildConfiguration section */

/* Begin XCConfigurationList section */
		96591C5E1FE85B660067BB2E /* Build configuration list for PBXProject "MAFIA" */ = {
			isa = XCConfigurationList;
			buildConfigurations = (
				96591C8C1FE85B660067BB2E /* Debug */,
				96591C8D1FE85B660067BB2E /* Release */,
			);
			defaultConfigurationIsVisible = 0;
			defaultConfigurationName = Release;
		};
		96591C8E1FE85B660067BB2E /* Build configuration list for PBXNativeTarget "MAFIA" */ = {
			isa = XCConfigurationList;
			buildConfigurations = (
				96591C8F1FE85B660067BB2E /* Debug */,
				96591C901FE85B660067BB2E /* Release */,
			);
			defaultConfigurationIsVisible = 0;
			defaultConfigurationName = Release;
		};
		96591C911FE85B660067BB2E /* Build configuration list for PBXNativeTarget "MAFIATests" */ = {
			isa = XCConfigurationList;
			buildConfigurations = (
				96591C921FE85B660067BB2E /* Debug */,
				96591C931FE85B660067BB2E /* Release */,
			);
			defaultConfigurationIsVisible = 0;
			defaultConfigurationName = Release;
		};
		96591C941FE85B660067BB2E /* Build configuration list for PBXNativeTarget "MAFIAUITests" */ = {
			isa = XCConfigurationList;
			buildConfigurations = (
				96591C951FE85B660067BB2E /* Debug */,
				96591C961FE85B660067BB2E /* Release */,
			);
			defaultConfigurationIsVisible = 0;
			defaultConfigurationName = Release;
		};
/* End XCConfigurationList section */

/* Begin XCVersionGroup section */
		96591C6D1FE85B660067BB2E /* MAFIA.xcdatamodeld */ = {
			isa = XCVersionGroup;
			children = (
				96591C6E1FE85B660067BB2E /* MAFIA.xcdatamodel */,
			);
			currentVersion = 96591C6E1FE85B660067BB2E /* MAFIA.xcdatamodel */;
			path = MAFIA.xcdatamodeld;
			sourceTree = "<group>";
			versionGroupType = wrapper.xcdatamodel;
		};
/* End XCVersionGroup section */
	};
	rootObject = 96591C5B1FE85B660067BB2E /* Project object */;
}
